
Microsoft Visual Studio Solution File, Format Version 12.00
# Visual Studio Version 17
VisualStudioVersion = 17.4.33213.308
MinimumVisualStudioVersion = 10.0.40219.1
Project("{FAE04EC0-301F-11D3-BF4B-00C04F79EFBC}") = "GenshinTCG", "GameRoundInterface\GenshinTCG.csproj", "{3A957626-1BAB-4982-9355-B1C7396B693C}"
EndProject
Global
	GlobalSection(SolutionConfigurationPlatforms) = preSolution
		Debug|Any CPU = Debug|Any CPU
		Release|Any CPU = Release|Any CPU
	EndGlobalSection
	GlobalSection(ProjectConfigurationPlatforms) = postSolution
		{3A957626-1BAB-4982-9355-B1C7396B693C}.Debug|Any CPU.ActiveCfg = Debug|Any CPU
		{3A957626-1BAB-4982-9355-B1C7396B693C}.Debug|Any CPU.Build.0 = Debug|Any CPU
		{3A957626-1BAB-4982-9355-B1C7396B693C}.Release|Any CPU.ActiveCfg = Release|Any CPU
		{3A957626-1BAB-4982-9355-B1C7396B693C}.Release|Any CPU.Build.0 = Release|Any CPU
	EndGlobalSection
	GlobalSection(SolutionProperties) = preSolution
		HideSolutionNode = FALSE
	EndGlobalSection
	GlobalSection(ExtensibilityGlobals) = postSolution
		SolutionGuid = {2D8BDB43-76A2-463C-A527-AFB0A451169A}
	EndGlobalSection
EndGlobal
